// !$*UTF8*$!
{
	archiveVersion = 1;
	classes = {
	};
	objectVersion = 56;
	objects = {

/* Begin PBXBuildFile section */
		B970BD7D2FA065A50085ECC4 /* AppDelegate.swift in Sources */ = {isa = PBXBuildFile; fileRef = B970BD7C2FA065A50085ECC4 /* AppDelegate.swift */; };
		B970BD7F2FA065A50085ECC4 /* SceneDelegate.swift in Sources */ = {isa = PBXBuildFile; fileRef = B970BD7E2FA065A50085ECC4 /* SceneDelegate.swift */; };
		B970BD812FA065A50085ECC4 /* ViewController.swift in Sources */ = {isa = PBXBuildFile; fileRef = B970BD802FA065A50085ECC4 /* ViewController.swift */; };
		B970BD842FA065A50085ECC4 /* Main.storyboard in Resources */ = {isa = PBXBuildFile; fileRef = B970BD822FA065A50085ECC4 /* Main.storyboard */; };
		B970BD872FA065A50085ECC4 /* MindMantra.xcdatamodeld in Sources */ = {isa = PBXBuildFile; fileRef = B970BD852FA065A50085ECC4 /* MindMantra.xcdatamodeld */; };
		B970BD892FA065A80085ECC4 /* Assets.xcassets in Resources */ = {isa = PBXBuildFile; fileRef = B970BD882FA065A80085ECC4 /* Assets.xcassets */; };
		B970BD8C2FA065A80085ECC4 /* LaunchScreen.storyboard in Resources */ = {isa = PBXBuildFile; fileRef = B970BD8A2FA065A80085ECC4 /* LaunchScreen.storyboard */; };
		B970BD972FA065A80085ECC4 /* MindMantraTests.swift in Sources */ = {isa = PBXBuildFile; fileRef = B970BD962FA065A80085ECC4 /* MindMantraTests.swift */; };
		B970BDA12FA065A80085ECC4 /* MindMantraUITests.swift in Sources */ = {isa = PBXBuildFile; fileRef = B970BDA02FA065A80085ECC4 /* MindMantraUITests.swift */; };
		B970BDA32FA065A80085ECC4 /* MindMantraUITestsLaunchTests.swift in Sources */ = {isa = PBXBuildFile; fileRef = B970BDA22FA065A80085ECC4 /* MindMantraUITestsLaunchTests.swift */; };
/* End PBXBuildFile section */

/* Begin PBXContainerItemProxy section */
		B970BD932FA065A80085ECC4 /* PBXContainerItemProxy */ = {
			isa = PBXContainerItemProxy;
			containerPortal = B970BD712FA065A50085ECC4 /* Project object */;
			proxyType = 1;
			remoteGlobalIDString = B970BD782FA065A50085ECC4;
			remoteInfo = MindMantra;
		};
		B970BD9D2FA065A80085ECC4 /* PBXContainerItemProxy */ = {
			isa = PBXContainerItemProxy;
			containerPortal = B970BD712FA065A50085ECC4 /* Project object */;
			proxyType = 1;
			remoteGlobalIDString = B970BD782FA065A50085ECC4;
			remoteInfo = MindMantra;
		};
/* End PBXContainerItemProxy section */

/* Begin PBXFileReference section */
		B970BD792FA065A50085ECC4 /* MindMantra.app */ = {isa = PBXFileReference; explicitFileType = wrapper.application; includeInIndex = 0; path = MindMantra.app; sourceTree = BUILT_PRODUCTS_DIR; };
		B970BD7C2FA065A50085ECC4 /* AppDelegate.swift */ = {isa = PBXFileReference; lastKnownFileType = sourcecode.swift; path = AppDelegate.swift; sourceTree = "<group>"; };
		B970BD7E2FA065A50085ECC4 /* SceneDelegate.swift */ = {isa = PBXFileReference; lastKnownFileType = sourcecode.swift; path = SceneDelegate.swift; sourceTree = "<group>"; };
		B970BD802FA065A50085ECC4 /* ViewController.swift */ = {isa = PBXFileReference; lastKnownFileType = sourcecode.swift; path = ViewController.swift; sourceTree = "<group>"; };
		B970BD832FA065A50085ECC4 /* Base */ = {isa = PBXFileReference; lastKnownFileType = file.storyboard; name = Base; path = Base.lproj/Main.storyboard; sourceTree = "<group>"; };
		B970BD862FA065A50085ECC4 /* MindMantra.xcdatamodel */ = {isa = PBXFileReference; lastKnownFileType = wrapper.xcdatamodel; path = MindMantra.xcdatamodel; sourceTree = "<group>"; };
		B970BD882FA065A80085ECC4 /* Assets.xcassets */ = {isa = PBXFileReference; lastKnownFileType = folder.assetcatalog; path = Assets.xcassets; sourceTree = "<group>"; };
		B970BD8B2FA065A80085ECC4 /* Base */ = {isa = PBXFileReference; lastKnownFileType = file.storyboard; name = Base; path = Base.lproj/LaunchScreen.storyboard; sourceTree = "<group>"; };
		B970BD8D2FA065A80085ECC4 /* Info.plist */ = {isa = PBXFileReference; lastKnownFileType = text.plist.xml; path = Info.plist; sourceTree = "<group>"; };
		B970BD922FA065A80085ECC4 /* MindMantraTests.xctest */ = {isa = PBXFileReference; explicitFileType = wrapper.cfbundle; includeInIndex = 0; path = MindMantraTests.xctest; sourceTree = BUILT_PRODUCTS_DIR; };
		B970BD962FA065A80085ECC4 /* MindMantraTests.swift */ = {isa = PBXFileReference; lastKnownFileType = sourcecode.swift; path = MindMantraTests.swift; sourceTree = "<group>"; };
		B970BD9C2FA065A80085ECC4 /* MindMantraUITests.xctest */ = {isa = PBXFileReference; explicitFileType = wrapper.cfbundle; includeInIndex = 0; path = MindMantraUITests.xctest; sourceTree = BUILT_PRODUCTS_DIR; };
		B970BDA02FA065A80085ECC4 /* MindMantraUITests.swift */ = {isa = PBXFileReference; lastKnownFileType = sourcecode.swift; path = MindMantraUITests.swift; sourceTree = "<group>"; };
		B970BDA22FA065A80085ECC4 /* MindMantraUITestsLaunchTests.swift */ = {isa = PBXFileReference; lastKnownFileType = sourcecode.swift; path = MindMantraUITestsLaunchTests.swift; sourceTree = "<group>"; };
/* End PBXFileReference section */

/* Begin PBXFrameworksBuildPhase section */
		B970BD762FA065A50085ECC4 /* Frameworks */ = {
			isa = PBXFrameworksBuildPhase;
			buildActionMask = 2147483647;
			files = (
			);
			runOnlyForDeploymentPostprocessing = 0;
		};
		B970BD8F2FA065A80085ECC4 /* Frameworks */ = {
			isa = PBXFrameworksBuildPhase;
			buildActionMask = 2147483647;
			files = (
			);
			runOnlyForDeploymentPostprocessing = 0;
		};
		B970BD992FA065A80085ECC4 /* Frameworks */ = {
			isa = PBXFrameworksBuildPhase;
			buildActionMask = 2147483647;
			files = (
			);
			runOnlyForDeploymentPostprocessing = 0;
		};
/* End PBXFrameworksBuildPhase section */

/* Begin PBXGroup section */
		B970BD702FA065A50085ECC4 = {
			isa = PBXGroup;
			children = (
				B970BD7B2FA065A50085ECC4 /* MindMantra */,
				B970BD952FA065A80085ECC4 /* MindMantraTests */,
				B970BD9F2FA065A80085ECC4 /* MindMantraUITests */,
				B970BD7A2FA065A50085ECC4 /* Products */,
			);
			sourceTree = "<group>";
		};
		B970BD7A2FA065A50085ECC4 /* Products */ = {
			isa = PBXGroup;
			children = (
				B970BD792FA065A50085ECC4 /* MindMantra.app */,
				B970BD922FA065A80085ECC4 /* MindMantraTests.xctest */,
				B970BD9C2FA065A80085ECC4 /* MindMantraUITests.xctest */,
			);
			name = Products;
			sourceTree = "<group>";
		};
		B970BD7B2FA065A50085ECC4 /* MindMantra */ = {
			isa = PBXGroup;
			children = (
				B970BD7C2FA065A50085ECC4 /* AppDelegate.swift */,
				B970BD7E2FA065A50085ECC4 /* SceneDelegate.swift */,
				B970BD802FA065A50085ECC4 /* ViewController.swift */,
				B970BD822FA065A50085ECC4 /* Main.storyboard */,
				B970BD882FA065A80085ECC4 /* Assets.xcassets */,
				B970BD8A2FA065A80085ECC4 /* LaunchScreen.storyboard */,
				B970BD8D2FA065A80085ECC4 /* Info.plist */,
				B970BD852FA065A50085ECC4 /* MindMantra.xcdatamodeld */,
			);
			path = MindMantra;
			sourceTree = "<group>";
		};
		B970BD952FA065A80085ECC4 /* MindMantraTests */ = {
			isa = PBXGroup;
			children = (
				B970BD962FA065A80085ECC4 /* MindMantraTests.swift */,
			);
			path = MindMantraTests;
			sourceTree = "<group>";
		};
		B970BD9F2FA065A80085ECC4 /* MindMantraUITests */ = {
			isa = PBXGroup;
			children = (
				B970BDA02FA065A80085ECC4 /* MindMantraUITests.swift */,
				B970BDA22FA065A80085ECC4 /* MindMantraUITestsLaunchTests.swift */,
			);
			path = MindMantraUITests;
			sourceTree = "<group>";
		};
/* End PBXGroup section */

/* Begin PBXNativeTarget section */
		B970BD782FA065A50085ECC4 /* MindMantra */ = {
			isa = PBXNativeTarget;
			buildConfigurationList = B970BDA62FA065A80085ECC4 /* Build configuration list for PBXNativeTarget "MindMantra" */;
			buildPhases = (
				B970BD752FA065A50085ECC4 /* Sources */,
				B970BD762FA065A50085ECC4 /* Frameworks */,
				B970BD772FA065A50085ECC4 /* Resources */,
			);
			buildRules = (
			);
			dependencies = (
			);
			name = MindMantra;
			productName = MindMantra;
			productReference = B970BD792FA065A50085ECC4 /* MindMantra.app */;
			productType = "com.apple.product-type.application";
		};
		B970BD912FA065A80085ECC4 /* MindMantraTests */ = {
			isa = PBXNativeTarget;
			buildConfigurationList = B970BDA92FA065A80085ECC4 /* Build configuration list for PBXNativeTarget "MindMantraTests" */;
			buildPhases = (
				B970BD8E2FA065A80085ECC4 /* Sources */,
				B970BD8F2FA065A80085ECC4 /* Frameworks */,
				B970BD902FA065A80085ECC4 /* Resources */,
			);
			buildRules = (
			);
			dependencies = (
				B970BD942FA065A80085ECC4 /* PBXTargetDependency */,
			);
			name = MindMantraTests;
			productName = MindMantraTests;
			productReference = B970BD922FA065A80085ECC4 /* MindMantraTests.xctest */;
			productType = "com.apple.product-type.bundle.unit-test";
		};
		B970BD9B2FA065A80085ECC4 /* MindMantraUITests */ = {
			isa = PBXNativeTarget;
			buildConfigurationList = B970BDAC2FA065A80085ECC4 /* Build configuration list for PBXNativeTarget "MindMantraUITests" */;
			buildPhases = (
				B970BD982FA065A80085ECC4 /* Sources */,
				B970BD992FA065A80085ECC4 /* Frameworks */,
				B970BD9A2FA065A80085ECC4 /* Resources */,
			);
			buildRules = (
			);
			dependencies = (
				B970BD9E2FA065A80085ECC4 /* PBXTargetDependency */,
			);
			name = MindMantraUITests;
			productName = MindMantraUITests;
			productReference = B970BD9C2FA065A80085ECC4 /* MindMantraUITests.xctest */;
			productType = "com.apple.product-type.bundle.ui-testing";
		};
/* End PBXNativeTarget section */

/* Begin PBXProject section */
		B970BD712FA065A50085ECC4 /* Project object */ = {
			isa = PBXProject;
			attributes = {
				BuildIndependentTargetsInParallel = 1;
				LastSwiftUpdateCheck = 1420;
				LastUpgradeCheck = 1420;
				TargetAttributes = {
					B970BD782FA065A50085ECC4 = {
						CreatedOnToolsVersion = 14.2;
					};
					B970BD912FA065A80085ECC4 = {
						CreatedOnToolsVersion = 14.2;
						TestTargetID = B970BD782FA065A50085ECC4;
					};
					B970BD9B2FA065A80085ECC4 = {
						CreatedOnToolsVersion = 14.2;
						TestTargetID = B970BD782FA065A50085ECC4;
					};
				};
			};
			buildConfigurationList = B970BD742FA065A50085ECC4 /* Build configuration list for PBXProject "MindMantra" */;
			compatibilityVersion = "Xcode 14.0";
			developmentRegion = en;
			hasScannedForEncodings = 0;
			knownRegions = (
				en,
				Base,
			);
			mainGroup = B970BD702FA065A50085ECC4;
			productRefGroup = B970BD7A2FA065A50085ECC4 /* Products */;
			projectDirPath = "";
			projectRoot = "";
			targets = (
				B970BD782FA065A50085ECC4 /* MindMantra */,
				B970BD912FA065A80085ECC4 /* MindMantraTests */,
				B970BD9B2FA065A80085ECC4 /* MindMantraUITests */,
			);
		};
/* End PBXProject section */

/* Begin PBXResourcesBuildPhase section */
		B970BD772FA065A50085ECC4 /* Resources */ = {
			isa = PBXResourcesBuildPhase;
			buildActionMask = 2147483647;
			files = (
				B970BD8C2FA065A80085ECC4 /* LaunchScreen.storyboard in Resources */,
				B970BD892FA065A80085ECC4 /* Assets.xcassets in Resources */,
				B970BD842FA065A50085ECC4 /* Main.storyboard in Resources */,
			);
			runOnlyForDeploymentPostprocessing = 0;
		};
		B970BD902FA065A80085ECC4 /* Resources */ = {
			isa = PBXResourcesBuildPhase;
			buildActionMask = 2147483647;
			files = (
			);
			runOnlyForDeploymentPostprocessing = 0;
		};
		B970BD9A2FA065A80085ECC4 /* Resources */ = {
			isa = PBXResourcesBuildPhase;
			buildActionMask = 2147483647;
			files = (
			);
			runOnlyForDeploymentPostprocessing = 0;
		};
/* End PBXResourcesBuildPhase section */

/* Begin PBXSourcesBuildPhase section */
		B970BD752FA065A50085ECC4 /* Sources */ = {
			isa = PBXSourcesBuildPhase;
			buildActionMask = 2147483647;
			files = (
				B970BD812FA065A50085ECC4 /* ViewController.swift in Sources */,
				B970BD7D2FA065A50085ECC4 /* AppDelegate.swift in Sources */,
				B970BD872FA065A50085ECC4 /* MindMantra.xcdatamodeld in Sources */,
				B970BD7F2FA065A50085ECC4 /* SceneDelegate.swift in Sources */,
			);
			runOnlyForDeploymentPostprocessing = 0;
		};
		B970BD8E2FA065A80085ECC4 /* Sources */ = {
			isa = PBXSourcesBuildPhase;
			buildActionMask = 2147483647;
			files = (
				B970BD972FA065A80085ECC4 /* MindMantraTests.swift in Sources */,
			);
			runOnlyForDeploymentPostprocessing = 0;
		};
		B970BD982FA065A80085ECC4 /* Sources */ = {
			isa = PBXSourcesBuildPhase;
			buildActionMask = 2147483647;
			files = (
				B970BDA12FA065A80085ECC4 /* MindMantraUITests.swift in Sources */,
				B970BDA32FA065A80085ECC4 /* MindMantraUITestsLaunchTests.swift in Sources */,
			);
			runOnlyForDeploymentPostprocessing = 0;
		};
/* End PBXSourcesBuildPhase section */

/* Begin PBXTargetDependency section */
		B970BD942FA065A80085ECC4 /* PBXTargetDependency */ = {
			isa = PBXTargetDependency;
			target = B970BD782FA065A50085ECC4 /* MindMantra */;
			targetProxy = B970BD932FA065A80085ECC4 /* PBXContainerItemProxy */;
		};
		B970BD9E2FA065A80085ECC4 /* PBXTargetDependency */ = {
			isa = PBXTargetDependency;
			target = B970BD782FA065A50085ECC4 /* MindMantra */;
			targetProxy = B970BD9D2FA065A80085ECC4 /* PBXContainerItemProxy */;
		};
/* End PBXTargetDependency section */

/* Begin PBXVariantGroup section */
		B970BD822FA065A50085ECC4 /* Main.storyboard */ = {
			isa = PBXVariantGroup;
			children = (
				B970BD832FA065A50085ECC4 /* Base */,
			);
			name = Main.storyboard;
			sourceTree = "<group>";
		};
		B970BD8A2FA065A80085ECC4 /* LaunchScreen.storyboard */ = {
			isa = PBXVariantGroup;
			children = (
				B970BD8B2FA065A80085ECC4 /* Base */,
			);
			name = LaunchScreen.storyboard;
			sourceTree = "<group>";
		};
/* End PBXVariantGroup section */

/* Begin XCBuildConfiguration section */
		B970BDA42FA065A80085ECC4 /* Debug */ = {
			isa = XCBuildConfiguration;
			buildSettings = {
				ALWAYS_SEARCH_USER_PATHS = NO;
				CLANG_ANALYZER_NONNULL = YES;
				CLANG_ANALYZER_NUMBER_OBJECT_CONVERSION = YES_AGGRESSIVE;
				CLANG_CXX_LANGUAGE_STANDARD = "gnu++20";
				CLANG_ENABLE_MODULES = YES;
				CLANG_ENABLE_OBJC_ARC = YES;
				CLANG_ENABLE_OBJC_WEAK = YES;
				CLANG_WARN_BLOCK_CAPTURE_AUTORELEASING = YES;
				CLANG_WARN_BOOL_CONVERSION = YES;
				CLANG_WARN_COMMA = YES;
				CLANG_WARN_CONSTANT_CONVERSION = YES;
				CLANG_WARN_DEPRECATED_OBJC_IMPLEMENTATIONS = YES;
				CLANG_WARN_DIRECT_OBJC_ISA_USAGE = YES_ERROR;
				CLANG_WARN_DOCUMENTATION_COMMENTS = YES;
				CLANG_WARN_EMPTY_BODY = YES;
				CLANG_WARN_ENUM_CONVERSION = YES;
				CLANG_WARN_INFINITE_RECURSION = YES;
				CLANG_WARN_INT_CONVERSION = YES;
				CLANG_WARN_NON_LITERAL_NULL_CONVERSION = YES;
				CLANG_WARN_OBJC_IMPLICIT_RETAIN_SELF = YES;
				CLANG_WARN_OBJC_LITERAL_CONVERSION = YES;
				CLANG_WARN_OBJC_ROOT_CLASS = YES_ERROR;
				CLANG_WARN_QUOTED_INCLUDE_IN_FRAMEWORK_HEADER = YES;
				CLANG_WARN_RANGE_LOOP_ANALYSIS = YES;
				CLANG_WARN_STRICT_PROTOTYPES = YES;
				CLANG_WARN_SUSPICIOUS_MOVE = YES;
				CLANG_WARN_UNGUARDED_AVAILABILITY = YES_AGGRESSIVE;
				CLANG_WARN_UNREACHABLE_CODE = YES;
				CLANG_WARN__DUPLICATE_METHOD_MATCH = YES;
				COPY_PHASE_STRIP = NO;
				DEBUG_INFORMATION_FORMAT = dwarf;
				ENABLE_STRICT_OBJC_MSGSEND = YES;
				ENABLE_TESTABILITY = YES;
				GCC_C_LANGUAGE_STANDARD = gnu11;
				GCC_DYNAMIC_NO_PIC = NO;
				GCC_NO_COMMON_BLOCKS = YES;
				GCC_OPTIMIZATION_LEVEL = 0;
				GCC_PREPROCESSOR_DEFINITIONS = (
					"DEBUG=1",
					"$(inherited)",
				);
				GCC_WARN_64_TO_32_BIT_CONVERSION = YES;
				GCC_WARN_ABOUT_RETURN_TYPE = YES_ERROR;
				GCC_WARN_UNDECLARED_SELECTOR = YES;
				GCC_WARN_UNINITIALIZED_AUTOS = YES_AGGRESSIVE;
				GCC_WARN_UNUSED_FUNCTION = YES;
				GCC_WARN_UNUSED_VARIABLE = YES;
				IPHONEOS_DEPLOYMENT_TARGET = 16.2;
				MTL_ENABLE_DEBUG_INFO = INCLUDE_SOURCE;
				MTL_FAST_MATH = YES;
				ONLY_ACTIVE_ARCH = YES;
				SDKROOT = iphoneos;
				SWIFT_ACTIVE_COMPILATION_CONDITIONS = DEBUG;
				SWIFT_OPTIMIZATION_LEVEL = "-Onone";
			};
			name = Debug;
		};
		B970BDA52FA065A80085ECC4 /* Release */ = {
			isa = XCBuildConfiguration;
			buildSettings = {
				ALWAYS_SEARCH_USER_PATHS = NO;
				CLANG_ANALYZER_NONNULL = YES;
				CLANG_ANALYZER_NUMBER_OBJECT_CONVERSION = YES_AGGRESSIVE;
				CLANG_CXX_LANGUAGE_STANDARD = "gnu++20";
				CLANG_ENABLE_MODULES = YES;
				CLANG_ENABLE_OBJC_ARC = YES;
				CLANG_ENABLE_OBJC_WEAK = YES;
				CLANG_WARN_BLOCK_CAPTURE_AUTORELEASING = YES;
				CLANG_WARN_BOOL_CONVERSION = YES;
				CLANG_WARN_COMMA = YES;
				CLANG_WARN_CONSTANT_CONVERSION = YES;
				CLANG_WARN_DEPRECATED_OBJC_IMPLEMENTATIONS = YES;
				CLANG_WARN_DIRECT_OBJC_ISA_USAGE = YES_ERROR;
				CLANG_WARN_DOCUMENTATION_COMMENTS = YES;
				CLANG_WARN_EMPTY_BODY = YES;
				CLANG_WARN_ENUM_CONVERSION = YES;
				CLANG_WARN_INFINITE_RECURSION = YES;
				CLANG_WARN_INT_CONVERSION = YES;
				CLANG_WARN_NON_LITERAL_NULL_CONVERSION = YES;
				CLANG_WARN_OBJC_IMPLICIT_RETAIN_SELF = YES;
				CLANG_WARN_OBJC_LITERAL_CONVERSION = YES;
				CLANG_WARN_OBJC_ROOT_CLASS = YES_ERROR;
				CLANG_WARN_QUOTED_INCLUDE_IN_FRAMEWORK_HEADER = YES;
				CLANG_WARN_RANGE_LOOP_ANALYSIS = YES;
				CLANG_WARN_STRICT_PROTOTYPES = YES;
				CLANG_WARN_SUSPICIOUS_MOVE = YES;
				CLANG_WARN_UNGUARDED_AVAILABILITY = YES_AGGRESSIVE;
				CLANG_WARN_UNREACHABLE_CODE = YES;
				CLANG_WARN__DUPLICATE_METHOD_MATCH = YES;
				COPY_PHASE_STRIP = NO;
				DEBUG_INFORMATION_FORMAT = "dwarf-with-dsym";
				ENABLE_NS_ASSERTIONS = NO;
				ENABLE_STRICT_OBJC_MSGSEND = YES;
				GCC_C_LANGUAGE_STANDARD = gnu11;
				GCC_NO_COMMON_BLOCKS = YES;
				GCC_WARN_64_TO_32_BIT_CONVERSION = YES;
				GCC_WARN_ABOUT_RETURN_TYPE = YES_ERROR;
				GCC_WARN_UNDECLARED_SELECTOR = YES;
				GCC_WARN_UNINITIALIZED_AUTOS = YES_AGGRESSIVE;
				GCC_WARN_UNUSED_FUNCTION = YES;
				GCC_WARN_UNUSED_VARIABLE = YES;
				IPHONEOS_DEPLOYMENT_TARGET = 16.2;
				MTL_ENABLE_DEBUG_INFO = NO;
				MTL_FAST_MATH = YES;
				SDKROOT = iphoneos;
				SWIFT_COMPILATION_MODE = wholemodule;
				SWIFT_OPTIMIZATION_LEVEL = "-O";
				VALIDATE_PRODUCT = YES;
			};
			name = Release;
		};
		B970BDA72FA065A80085ECC4 /* Debug */ = {
			isa = XCBuildConfiguration;
			buildSettings = {
				ASSETCATALOG_COMPILER_APPICON_NAME = AppIcon;
				ASSETCATALOG_COMPILER_GLOBAL_ACCENT_COLOR_NAME = AccentColor;
				CODE_SIGN_IDENTITY = "Apple Development";
				"CODE_SIGN_IDENTITY[sdk=iphoneos*]" = "iPhone Distribution";
				CODE_SIGN_STYLE = Manual;
				CURRENT_PROJECT_VERSION = 3;
				DEVELOPMENT_TEAM = "";
				"DEVELOPMENT_TEAM[sdk=iphoneos*]" = Z7Q5NZT4ZL;
				GENERATE_INFOPLIST_FILE = YES;
				INFOPLIST_FILE = MindMantra/Info.plist;
				INFOPLIST_KEY_CFBundleDisplayName = MindMantra;
				INFOPLIST_KEY_LSApplicationCategoryType = "public.app-category.lifestyle";
				INFOPLIST_KEY_UIApplicationSupportsIndirectInputEvents = YES;
				INFOPLIST_KEY_UILaunchStoryboardName = LaunchScreen;
				INFOPLIST_KEY_UIMainStoryboardFile = Main;
				INFOPLIST_KEY_UISupportedInterfaceOrientations_iPad = "UIInterfaceOrientationPortrait UIInterfaceOrientationPortraitUpsideDown UIInterfaceOrientationLandscapeLeft UIInterfaceOrientationLandscapeRight";
				INFOPLIST_KEY_UISupportedInterfaceOrientations_iPhone = "UIInterfaceOrientationPortrait UIInterfaceOrientationLandscapeLeft UIInterfaceOrientationLandscapeRight";
				LD_RUNPATH_SEARCH_PATHS = (
					"$(inherited)",
					"@executable_path/Frameworks",
				);
				MARKETING_VERSION = 1.0;
				PRODUCT_BUNDLE_IDENTIFIER = com.dadbytesdev.mm;
				PRODUCT_NAME = "$(TARGET_NAME)";
				PROVISIONING_PROFILE_SPECIFIER = "";
				"PROVISIONING_PROFILE_SPECIFIER[sdk=iphoneos*]" = "MM app store";
				SWIFT_EMIT_LOC_STRINGS = YES;
				SWIFT_VERSION = 5.0;
				TARGETED_DEVICE_FAMILY = "1,2";
			};
			name = Debug;
		};
		B970BDA82FA065A80085ECC4 /* Release */ = {
			isa = XCBuildConfiguration;
			buildSettings = {
				ASSETCATALOG_COMPILER_APPICON_NAME = AppIcon;
				ASSETCATALOG_COMPILER_GLOBAL_ACCENT_COLOR_NAME = AccentColor;
				CODE_SIGN_IDENTITY = "Apple Development";
				"CODE_SIGN_IDENTITY[sdk=iphoneos*]" = "iPhone Distribution";
				CODE_SIGN_STYLE = Manual;
				CURRENT_PROJECT_VERSION = 3;
				DEVELOPMENT_TEAM = "";
				"DEVELOPMENT_TEAM[sdk=iphoneos*]" = Z7Q5NZT4ZL;
				GENERATE_INFOPLIST_FILE = YES;
				INFOPLIST_FILE = MindMantra/Info.plist;
				INFOPLIST_KEY_CFBundleDisplayName = MindMantra;
				INFOPLIST_KEY_LSApplicationCategoryType = "public.app-category.lifestyle";
				INFOPLIST_KEY_UIApplicationSupportsIndirectInputEvents = YES;
				INFOPLIST_KEY_UILaunchStoryboardName = LaunchScreen;
				INFOPLIST_KEY_UIMainStoryboardFile = Main;
				INFOPLIST_KEY_UISupportedInterfaceOrientations_iPad = "UIInterfaceOrientationPortrait UIInterfaceOrientationPortraitUpsideDown UIInterfaceOrientationLandscapeLeft UIInterfaceOrientationLandscapeRight";
				INFOPLIST_KEY_UISupportedInterfaceOrientations_iPhone = "UIInterfaceOrientationPortrait UIInterfaceOrientationLandscapeLeft UIInterfaceOrientationLandscapeRight";
				LD_RUNPATH_SEARCH_PATHS = (
					"$(inherited)",
					"@executable_path/Frameworks",
				);
				MARKETING_VERSION = 1.0;
				PRODUCT_BUNDLE_IDENTIFIER = com.dadbytesdev.mm;
				PRODUCT_NAME = "$(TARGET_NAME)";
				PROVISIONING_PROFILE_SPECIFIER = "";
				"PROVISIONING_PROFILE_SPECIFIER[sdk=iphoneos*]" = "MM app store";
				SWIFT_EMIT_LOC_STRINGS = YES;
				SWIFT_VERSION = 5.0;
				TARGETED_DEVICE_FAMILY = "1,2";
			};
			name = Release;
		};
		B970BDAA2FA065A80085ECC4 /* Debug */ = {
			isa = XCBuildConfiguration;
			buildSettings = {
				ALWAYS_EMBED_SWIFT_STANDARD_LIBRARIES = YES;
				BUNDLE_LOADER = "$(TEST_HOST)";
				CODE_SIGN_STYLE = Automatic;
				CURRENT_PROJECT_VERSION = 1;
				DEVELOPMENT_TEAM = Z7Q5NZT4ZL;
				GENERATE_INFOPLIST_FILE = YES;
				IPHONEOS_DEPLOYMENT_TARGET = 16.2;
				MARKETING_VERSION = 1.0;
				PRODUCT_BUNDLE_IDENTIFIER = com.dadbytesdev.MindMantraTests;
				PRODUCT_NAME = "$(TARGET_NAME)";
				SWIFT_EMIT_LOC_STRINGS = NO;
				SWIFT_VERSION = 5.0;
				TARGETED_DEVICE_FAMILY = "1,2";
				TEST_HOST = "$(BUILT_PRODUCTS_DIR)/MindMantra.app/$(BUNDLE_EXECUTABLE_FOLDER_PATH)/MindMantra";
			};
			name = Debug;
		};
		B970BDAB2FA065A80085ECC4 /* Release */ = {
			isa = XCBuildConfiguration;
			buildSettings = {
				ALWAYS_EMBED_SWIFT_STANDARD_LIBRARIES = YES;
				BUNDLE_LOADER = "$(TEST_HOST)";
				CODE_SIGN_STYLE = Automatic;
				CURRENT_PROJECT_VERSION = 1;
				DEVELOPMENT_TEAM = Z7Q5NZT4ZL;
				GENERATE_INFOPLIST_FILE = YES;
				IPHONEOS_DEPLOYMENT_TARGET = 16.2;
				MARKETING_VERSION = 1.0;
				PRODUCT_BUNDLE_IDENTIFIER = com.dadbytesdev.MindMantraTests;
				PRODUCT_NAME = "$(TARGET_NAME)";
				SWIFT_EMIT_LOC_STRINGS = NO;
				SWIFT_VERSION = 5.0;
				TARGETED_DEVICE_FAMILY = "1,2";
				TEST_HOST = "$(BUILT_PRODUCTS_DIR)/MindMantra.app/$(BUNDLE_EXECUTABLE_FOLDER_PATH)/MindMantra";
			};
			name = Release;
		};
		B970BDAD2FA065A80085ECC4 /* Debug */ = {
			isa = XCBuildConfiguration;
			buildSettings = {
				ALWAYS_EMBED_SWIFT_STANDARD_LIBRARIES = YES;
				CODE_SIGN_STYLE = Automatic;
				CURRENT_PROJECT_VERSION = 1;
				DEVELOPMENT_TEAM = Z7Q5NZT4ZL;
				GENERATE_INFOPLIST_FILE = YES;
				MARKETING_VERSION = 1.0;
				PRODUCT_BUNDLE_IDENTIFIER = com.dadbytesdev.MindMantraUITests;
				PRODUCT_NAME = "$(TARGET_NAME)";
				SWIFT_EMIT_LOC_STRINGS = NO;
				SWIFT_VERSION = 5.0;
				TARGETED_DEVICE_FAMILY = "1,2";
				TEST_TARGET_NAME = MindMantra;
			};
			name = Debug;
		};
		B970BDAE2FA065A80085ECC4 /* Release */ = {
			isa = XCBuildConfiguration;
			buildSettings = {
				ALWAYS_EMBED_SWIFT_STANDARD_LIBRARIES = YES;
				CODE_SIGN_STYLE = Automatic;
				CURRENT_PROJECT_VERSION = 1;
				DEVELOPMENT_TEAM = Z7Q5NZT4ZL;
				GENERATE_INFOPLIST_FILE = YES;
				MARKETING_VERSION = 1.0;
				PRODUCT_BUNDLE_IDENTIFIER = com.dadbytesdev.MindMantraUITests;
				PRODUCT_NAME = "$(TARGET_NAME)";
				SWIFT_EMIT_LOC_STRINGS = NO;
				SWIFT_VERSION = 5.0;
				TARGETED_DEVICE_FAMILY = "1,2";
				TEST_TARGET_NAME = MindMantra;
			};
			name = Release;
		};
/* End XCBuildConfiguration section */

/* Begin XCConfigurationList section */
		B970BD742FA065A50085ECC4 /* Build configuration list for PBXProject "MindMantra" */ = {
			isa = XCConfigurationList;
			buildConfigurations = (
				B970BDA42FA065A80085ECC4 /* Debug */,
				B970BDA52FA065A80085ECC4 /* Release */,
			);
			defaultConfigurationIsVisible = 0;
			defaultConfigurationName = Release;
		};
		B970BDA62FA065A80085ECC4 /* Build configuration list for PBXNativeTarget "MindMantra" */ = {
			isa = XCConfigurationList;
			buildConfigurations = (
				B970BDA72FA065A80085ECC4 /* Debug */,
				B970BDA82FA065A80085ECC4 /* Release */,
			);
			defaultConfigurationIsVisible = 0;
			defaultConfigurationName = Release;
		};
		B970BDA92FA065A80085ECC4 /* Build configuration list for PBXNativeTarget "MindMantraTests" */ = {
			isa = XCConfigurationList;
			buildConfigurations = (
				B970BDAA2FA065A80085ECC4 /* Debug */,
				B970BDAB2FA065A80085ECC4 /* Release */,
			);
			defaultConfigurationIsVisible = 0;
			defaultConfigurationName = Release;
		};
		B970BDAC2FA065A80085ECC4 /* Build configuration list for PBXNativeTarget "MindMantraUITests" */ = {
			isa = XCConfigurationList;
			buildConfigurations = (
				B970BDAD2FA065A80085ECC4 /* Debug */,
				B970BDAE2FA065A80085ECC4 /* Release */,
			);
			defaultConfigurationIsVisible = 0;
			defaultConfigurationName = Release;
		};
/* End XCConfigurationList section */

/* Begin XCVersionGroup section */
		B970BD852FA065A50085ECC4 /* MindMantra.xcdatamodeld */ = {
			isa = XCVersionGroup;
			children = (
				B970BD862FA065A50085ECC4 /* MindMantra.xcdatamodel */,
			);
			currentVersion = B970BD862FA065A50085ECC4 /* MindMantra.xcdatamodel */;
			path = MindMantra.xcdatamodeld;
			sourceTree = "<group>";
			versionGroupType = wrapper.xcdatamodel;
		};
/* End XCVersionGroup section */
	};
	rootObject = B970BD712FA065A50085ECC4 /* Project object */;
}
